
Microsoft Visual Studio Solution File, Format Version 12.00
# Visual Studio Version 17
VisualStudioVersion = 17.4.33403.182
MinimumVisualStudioVersion = 10.0.40219.1
Project("{9A19103F-16F7-4668-BE54-9A1E7A4F7556}") = "SimpleStudentsDb", "SimpleStudentsDb\SimpleStudentsDb.csproj", "{1B75685E-40AF-47C0-A53C-F1187ED44C6F}"
EndProject
Project("{9A19103F-16F7-4668-BE54-9A1E7A4F7556}") = "StudentsWithIdentity", "StudentsWithIdentity\StudentsWithIdentity.csproj", "{353FE391-994B-4CC3-ACF4-580F8AB11EBF}"
EndProject
Project("{9A19103F-16F7-4668-BE54-9A1E7A4F7556}") = "SessionDemo", "SessionDemo\SessionDemo.csproj", "{A800E4B1-2D72-470B-A1CA-421E02EE1F43}"
EndProject
Global
	GlobalSection(SolutionConfigurationPlatforms) = preSolution
		Debug|Any CPU = Debug|Any CPU
		Release|Any CPU = Release|Any CPU
	EndGlobalSection
	GlobalSection(ProjectConfigurationPlatforms) = postSolution
		{1B75685E-40AF-47C0-A53C-F1187ED44C6F}.Debug|Any CPU.ActiveCfg = Debug|Any CPU
		{1B75685E-40AF-47C0-A53C-F1187ED44C6F}.Debug|Any CPU.Build.0 = Debug|Any CPU
		{1B75685E-40AF-47C0-A53C-F1187ED44C6F}.Release|Any CPU.ActiveCfg = Release|Any CPU
		{1B75685E-40AF-47C0-A53C-F1187ED44C6F}.Release|Any CPU.Build.0 = Release|Any CPU
		{353FE391-994B-4CC3-ACF4-580F8AB11EBF}.Debug|Any CPU.ActiveCfg = Debug|Any CPU
		{353FE391-994B-4CC3-ACF4-580F8AB11EBF}.Debug|Any CPU.Build.0 = Debug|Any CPU
		{353FE391-994B-4CC3-ACF4-580F8AB11EBF}.Release|Any CPU.ActiveCfg = Release|Any CPU
		{353FE391-994B-4CC3-ACF4-580F8AB11EBF}.Release|Any CPU.Build.0 = Release|Any CPU
		{A800E4B1-2D72-470B-A1CA-421E02EE1F43}.Debug|Any CPU.ActiveCfg = Debug|Any CPU
		{A800E4B1-2D72-470B-A1CA-421E02EE1F43}.Debug|Any CPU.Build.0 = Debug|Any CPU
		{A800E4B1-2D72-470B-A1CA-421E02EE1F43}.Release|Any CPU.ActiveCfg = Release|Any CPU
		{A800E4B1-2D72-470B-A1CA-421E02EE1F43}.Release|Any CPU.Build.0 = Release|Any CPU
	EndGlobalSection
	GlobalSection(SolutionProperties) = preSolution
		HideSolutionNode = FALSE
	EndGlobalSection
	GlobalSection(ExtensibilityGlobals) = postSolution
		SolutionGuid = {3FC6FF9B-FC29-4535-BDB7-46855320A8C7}
	EndGlobalSection
EndGlobal
